
Microsoft Visual Studio Solution File, Format Version 12.00
# Visual Studio Version 17
VisualStudioVersion = 17.4.33122.133
MinimumVisualStudioVersion = 10.0.40219.1
Project("{FAE04EC0-301F-11D3-BF4B-00C04F79EFBC}") = "Hello World1", "Hello World1\Hello World1.csproj", "{1341895C-96C9-478E-AB7F-98163257D228}"
EndProject
Global
	GlobalSection(SolutionConfigurationPlatforms) = preSolution
		Debug|Any CPU = Debug|Any CPU
		Release|Any CPU = Release|Any CPU
	EndGlobalSection
	GlobalSection(ProjectConfigurationPlatforms) = postSolution
		{1341895C-96C9-478E-AB7F-98163257D228}.Debug|Any CPU.ActiveCfg = Debug|Any CPU
		{1341895C-96C9-478E-AB7F-98163257D228}.Debug|Any CPU.Build.0 = Debug|Any CPU
		{1341895C-96C9-478E-AB7F-98163257D228}.Release|Any CPU.ActiveCfg = Release|Any CPU
		{1341895C-96C9-478E-AB7F-98163257D228}.Release|Any CPU.Build.0 = Release|Any CPU
	EndGlobalSection
	GlobalSection(SolutionProperties) = preSolution
		HideSolutionNode = FALSE
	EndGlobalSection
	GlobalSection(ExtensibilityGlobals) = postSolution
		SolutionGuid = {966E0539-A61D-461A-9688-5F1E70C1766C}
	EndGlobalSection
EndGlobal
